github.com/bytedance/sonic v1.9.1 h1:6iJ6NqdoxCDr6mbY8hCqLwA3i+A3/3Z8fJbvJqwcNtY=
github.com/bytedance/sonic v1.9.1/go.mod h1:736XxAWYvMc/ZO2XqTLRwT8j5hyE2q6p26Z3B6NT48tQ=
github.com/chenzhuoyu/base64x v0.0.0-20221115062448-fe3a3abad311 h1:qSGYFH7+jGhDF8vLC+iwCD4WpbV1EBDSzWkJODFLams=
github.com/chenzhuoyu/base64x v0.0.0-20221115062448-fe3a3abad311/go.mod h1:b583jCggY9gE99b6G5LEC39OIiVsWj+R97kbl5odCEk=
github.com/gabriel-vasile/mimetype v1.4.2 h1:w5qFW6JKBz9u393Y4mHvMxdQGo8xGfz1NtN6tfs5fkI=
github.com/gabriel-vasile/mimetype v1.4.2/go.mod h1:zApsH/mKG4w07erKIaJPFiX0Tsq9BFQgN3qGY5GnNgA=
github.com/gin-contrib/sse v0.1.0 h1:Y/yl/+YNL8RY9lYgPyXJzTWxJqvqX/CHJ8Li/2mvCrY=
github.com/gin-contrib/sse v0.1.0/go.mod h1:RHrZQHXnP2xjPF+u1gW/2HnVO7nvIa9PG3Gm+fLHvGI=
github.com/gin-gonic/gin v1.9.1 h1:4idEAncQnU5cB7BeOkPtxjfCSye0AAm1R/3lwDlPN8Y=
github.com/gin-gonic/gin v1.9.1/go.mod h1:hPrL7YrpYKXt5YId3A/Tnip5kqbEAP+KLuI3SUcPTeU=
github.com/go-playground/locales v0.14.1 h1:EWaQ/wswjilfKLTECiXz7Rh+3BjFhfDFKv/oXslEjJA=
github.com/go-playground/locales v0.14.1/go.mod h1:hxrqLVvrK65+Rwrd5Fc6F2O76J/NuW9t0sjnWqG1slY=
github.com/go-playground/universal-translator v0.18.1 h1:Bcnm0ZwsGyWbCzIm4v9AvQLQiqjWR9O+DFqlBa7Y3A8=
github.com/go-playground/universal-translator v0.18.1/go.mod h1:xekY+UJKNuX9WP91TpwSH2VMlDf28Uj6BCAL08YeiY=
github.com/go-playground/validator/v10 v10.14.0 h1:vgvQWe3XCz3gIeFDm/HnTIbj6UGmg/+t63MyGU2n5js=
github.com/go-playground/validator/v10 v10.14.0/go.mod h1:9iXMNT7sEkjXb0I+enO7QXmzG6QCsPWY4zveKFVRSyU=
github.com/go-sql-driver/mysql v1.7.1 h1:ueSltNNllEqE3lW36/0KtN/1J0DmN+b+4SZtj3Aoqdw=
github.com/go-sql-driver/mysql v1.7.1/go.mod h1:OXbVy3sEdcQ2Doequ6Z5BW6fXNQTmx+9S1MCJN5yJMI=
github.com/goccy/go-json v0.10.2 h1:CrxCmQqYDkv1z7lO7Wbh2HN93uovUHx6VpM9sizbS68=
github.com/goccy/go-json v0.10.2/go.mod h1:6MelG93GURQebXPDq3khkgXZkazVtN9CRI+MGFi0w8I=
github.com/json-iterator/go v1.1.12 h1:PV8peI4a0ysnczrg+LtxykD8LfKY9ML6u2jnxaEnrnM=
github.com/json-iterator/go v1.1.12/go.mod h1:e30LSqwooZae/UwlEbR2852Gd8hjQvJoHmT4TnhNGBo=
github.com/klauspost/cpuid/v2 v2.2.4 h1:acbojRNm+yfM4ubJgKOcHm5nE0JjH6/Z+8Cv8u6UjHI=
github.com/klauspost/cpuid/v2 v2.2.4/go.mod h1:RVVoqg1df56z8g3mUFOm3nqkQIDo4/gkh6w9P6b/HfE=
github.com/leodido/go-urn v1.2.4 h1:QHmwxvLfL/3c9H8U/xDvvQO2mIi0ibbsuirLjhpz6uQ=
github.com/leodido/go-urn v1.2.4/go.mod h1:7ZrI8mTSeBSHl/UaRyKQW1qZeMgak41ANeCNaVckg+4=
github.com/mattn/go-isatty v0.0.19 h1:JITubQf0MOLdlGRuRq+jtsDlek45YPFo9gcYqrFfO80=
github.com/mattn/go-isatty v0.0.19/go.mod h1:W+V8PltTTMOvKvAeJH7IuucS94S2C6jfK/D7dTCTo3Y=
github.com/modern-go/concurrent v0.0.0-20180306012644-bacd9c7ef1dd h1:TRLaZ9cD/w8PVh93nsPXa1VrQ6jlwL5oN8l14QlcNfg=
github.com/modern-go/concurrent v0.0.0-20180306012644-bacd9c7ef1dd/go.mod h1:6OJCw0HKRcycNUtsW0eyUCj4Xy3Z6xN4J8uV44+oMDg=
github.com/modern-go/reflect2 v1.0.2 h1:xBagoLtFs94CBntxluKeaWgTMpvLxC4ur3nMaC9Gz0M=
github.com/modern-go/reflect2 v1.0.2/go.mod h1:yWuevngMOJpCy52FWWMvUC8ws7m/LJsjYzDa0/r8luk=
github.com/pelletier/go-toml/v2 v2.0.8 h1:0ctb6s9mE31h0/lhu+J6OPmVMxGR7ej5LgIeGkmUyQY=
github.com/pelletier/go-toml/v2 v2.0.8/go.mod h1:vuYfssBdrU2XDZ9bYydBu6t+6a6PYNcZljzZR9VXg+4=
github.com/richardlehane/mscfb v1.0.4 h1:Yz3rJ8DFK6Bu8C8DDGS7Trfz82+VoyuL0SQsiofzlU8=
github.com/richardlehane/mscfb v1.0.4/go.mod h1:zAiPfbh61tyznmdCrLjw3yO8kaU8Pv/lu8hVIZ6xzA4=
github.com/richardlehane/msoleps v1.0.3 h1:ksSOtmSXmllohal+7rI0eBPzL7qJ8Qa+8ik6CsMx5y4=
github.com/richardlehane/msoleps v1.0.3/go.mod h1:q4h7K49bqX9bqBqUw+DHYFL1C7bible7R4/ky+3cq3Y=
github.com/twitchyliquid64/golang-asm v0.15.1 h1:SU5vSMR7hnwNxj24w34ZyCi/FmDZTkS4MhqMhdFk5YI=
github.com/twitchyliquid64/golang-asm v0.15.1/go.mod h1:a1lVb/DtPvCB8fslRZhAngC2+aHpD2u9YtngYfRwC5Q=
github.com/ugorji/go/codec v1.2.11 h1:BMaWp1Bb6fHwEtb+ITmS/tPcK34cU6GqG/QXoFdXJQ8=
github.com/ugorji/go/codec v1.2.11/go.mod h1:UNopzCgEMSXjBc6AOMqYvWC1ktqTAfzJZUZgYf6w6lg=
github.com/xuri/excelize/v2 v2.8.0 h1:NSR+5YzrIE0zcmnJz33p41VqcQCR5+uXIk43cMRiLiU=
github.com/xuri/excelize/v2 v2.8.0/go.mod h1:o5bwAAW+oIjIDnPs/rvOtdCVWkHaz5J80a++b5dgyuM=
github.com/xuri/floatfile v0.0.0-20231019164941-429dbe7b6b65 h1:YwY1gXTaWHeFmF1A7b4TydF7ZWniSPiM64P2ryuHgeU=
github.com/xuri/floatfile v0.0.0-20231019164941-429dbe7b6b65/go.mod h1:VbzIYiQKK6US496oWF3pJfFXc5sJcpj1MZtYzQwWfYc=
golang.org/x/arch v0.3.0 h1:02VY4/ZcO1BcjH3ZjtWlRcpf1QTSH4mqtMcyFhVIn9I=
golang.org/x/arch v0.3.0/go.mod h1:5om86z9cn+1y1iDcln75wMxtBqmB5nqaWyQvFCTO0uw=
golang.org/x/crypto v0.14.0 h1:wBqGXzWJW6m1XrIKlAH0Hs1JJp7J8Y3ChI1k5QjvU/4=
golang.org/x/crypto v0.14.0/go.mod h1:MVFdSmD/7U71Od9Tt5EQhQbtTE078d7Zu+SZq3EHf88=
golang.org/x/net v0.16.0 h1:zK/34bldJw+vsqAhsxI4huqD/51y2XJQqQ9LYG0jv0Kw=
golang.org/x/net v0.16.0/go.mod h1:4nGaVuHLQm+CapSKtXBUz5Pd05bvhRkQ52JzpqQzm+o=
golang.org/x/sys v0.13.0 h1:kidJDtV+nyGSn+0o1jLTKh2r88eKfR4HDJ4Wdg35q98=
golang.org/x/sys v0.13.0/go.mod h1:oPkhp1MJrh7nUepCBck5+mAzfO9JrbApNNgaTdGDITg=
golang.org/x/text v0.13.0 h1:ablQoSUd0tRdKxZewP80B+Bf/9tKtnCQzuG7qLY+QO4=
golang.org/x/text v0.13.0/go.mod h1:18ZOQIKpY8NJVmvY/5720WJZfs3SkXYMNBthgM9cj/I=
google.golang.org/protobuf v1.30.0 h1:kPPoIgf3TsEvrm0PFe15JFKc1VbK/56IBpR0ptbKRoY=
google.golang.org/protobuf v1.30.0/go.mod h1:HV8QOd/L58Z+nl8r43ehVNZIU/HEI6OcFqwMG9pJV4I=
gopkg.in/yaml.v3 v3.0.1 h1:fxVm/GzAzEWqLHuvctI91KS9hhNmmWOoWu0XTYJS7CA=
gopkg.in/yaml.v3 v3.0.1/go.mod h1:K4uyk7z7BCEPqu6E+C64Yfv1cQ7kz7rIZviUmN+EgEM=
